
Microsoft Visual Studio Solution File, Format Version 12.00
# Visual Studio 14
VisualStudioVersion = 14.0.25420.1
MinimumVisualStudioVersion = 10.0.40219.1
Project("{FAE04EC0-301F-11D3-BF4B-00C04F79EFBC}") = "Lesson01", "Lesson01\Lesson01.csproj", "{5AABA9B6-5704-42B3-896E-E27CBA930C4C}"
EndProject
Project("{FAE04EC0-301F-11D3-BF4B-00C04F79EFBC}") = "RecursiveFactorial", "RecursiveFactorial\RecursiveFactorial.csproj", "{1E4FB567-1B1D-46B8-B128-721AA959F9B6}"
EndProject
Project("{FAE04EC0-301F-11D3-BF4B-00C04F79EFBC}") = "Scenario 1-1", "Scenario1-1\Scenario 1-1.csproj", "{AC56DD75-0307-44B3-A27B-E0FAEA3F2CE2}"
EndProject
Project("{FAE04EC0-301F-11D3-BF4B-00C04F79EFBC}") = "Scenario 1-2", "Scenario 1-2\Scenario 1-2.csproj", "{E7CE0E03-2039-4639-BC5E-CED54A6E1DDD}"
EndProject
Project("{FAE04EC0-301F-11D3-BF4B-00C04F79EFBC}") = "Scenario 1-3", "Scenario 1-3\Scenario 1-3.csproj", "{C2474671-E359-495C-A6D9-462EA6F8C6AA}"
EndProject
Project("{FAE04EC0-301F-11D3-BF4B-00C04F79EFBC}") = "Scenario 1-4", "Scenario 1-4\Scenario 1-4.csproj", "{D2DEFAB6-0C8E-45A0-9784-C7DBD2A62B01}"
EndProject
Project("{FAE04EC0-301F-11D3-BF4B-00C04F79EFBC}") = "Lesson02", "Lesson02\Lesson02.csproj", "{DF77AE2F-D7AE-4E77-85BA-24D1FCC7BD31}"
EndProject
Project("{FAE04EC0-301F-11D3-BF4B-00C04F79EFBC}") = "Scenario 2-1", "Scenario 2-1\Scenario 2-1.csproj", "{1386AC05-0410-48F1-B5CE-F3DFF0009DB8}"
EndProject
Project("{FAE04EC0-301F-11D3-BF4B-00C04F79EFBC}") = "Scenario 2-2", "Scenario 2-2\Scenario 2-2.csproj", "{9B329561-3685-4DF6-B558-126750B1284B}"
EndProject
Project("{FAE04EC0-301F-11D3-BF4B-00C04F79EFBC}") = "Scenario 3-1", "Scenario 3-1\Scenario 3-1.csproj", "{AF3268D9-1196-4327-89A0-72792045B2A9}"
EndProject
Project("{FAE04EC0-301F-11D3-BF4B-00C04F79EFBC}") = "Scenario 3-2", "Scenario 3-2\Scenario 3-2.csproj", "{16B2D96A-275D-4FDA-9B10-9114633E47D9}"
EndProject
Project("{FAE04EC0-301F-11D3-BF4B-00C04F79EFBC}") = "Lesson04", "Lesson04\Lesson04.csproj", "{5A4022CA-1516-495D-BEB2-6A295C69AA30}"
EndProject
Project("{FAE04EC0-301F-11D3-BF4B-00C04F79EFBC}") = "UnderstandingCSS", "UnderstandingCSS\UnderstandingCSS.csproj", "{FA611922-8465-40C5-BF68-4C3D00DD12F2}"
EndProject
Project("{2150E333-8FDC-42A3-9474-1A3956D46DE8}") = "Lesson 04", "Lesson 04", "{251AFCB0-F752-4EED-B4AC-EF1BE5A67C60}"
EndProject
Project("{FAE04EC0-301F-11D3-BF4B-00C04F79EFBC}") = "UnderstandingJavaScript", "UnderstandingJavaScript\UnderstandingJavaScript.csproj", "{8F49BD20-8CF7-426C-832F-5CC7294D1F12}"
EndProject
Project("{2150E333-8FDC-42A3-9474-1A3956D46DE8}") = "Lesson 01", "Lesson 01", "{B0FBEA73-C177-4397-906E-3BA3316D3BB6}"
EndProject
Project("{2150E333-8FDC-42A3-9474-1A3956D46DE8}") = "Lesson 02", "Lesson 02", "{2EFD563A-1BE1-45B6-B6E6-35A4756494E7}"
EndProject
Project("{2150E333-8FDC-42A3-9474-1A3956D46DE8}") = "Lesson 03", "Lesson 03", "{18D31260-BE79-43D9-83FA-0DA93D170B63}"
EndProject
Project("{FAE04EC0-301F-11D3-BF4B-00C04F79EFBC}") = "PageEvents", "PageEvents\PageEvents.csproj", "{51589E11-8809-4735-A75C-704EFF16C50E}"
EndProject
Project("{FAE04EC0-301F-11D3-BF4B-00C04F79EFBC}") = "UsingTheSessionState", "UsingTheSessionState\UsingTheSessionState.csproj", "{83CAEEF8-17A6-4AFD-8158-0B57BB2B51B2}"
EndProject
Project("{FAE04EC0-301F-11D3-BF4B-00C04F79EFBC}") = "TextWebService", "TextWebService\TextWebService.csproj", "{67A0F268-15EF-4B95-B59B-D21092D832E6}"
EndProject
Project("{FAE04EC0-301F-11D3-BF4B-00C04F79EFBC}") = "TextWebServiceClient", "TextWebServiceClient\TextWebServiceClient.csproj", "{BC42A2F8-CDAC-4C9C-AA6D-8BC4F44FD456}"
	ProjectSection(ProjectDependencies) = postProject
		{67A0F268-15EF-4B95-B59B-D21092D832E6} = {67A0F268-15EF-4B95-B59B-D21092D832E6}
	EndProjectSection
EndProject
Project("{FAE04EC0-301F-11D3-BF4B-00C04F79EFBC}") = "Scenario4-1", "Scenario4-1\Scenario4-1.csproj", "{3E38A1B0-F73F-413C-B5ED-8C8DB4DBB387}"
EndProject
Project("{2150E333-8FDC-42A3-9474-1A3956D46DE8}") = "Lesson 05", "Lesson 05", "{0F633156-2150-40FC-B179-F22EF65F807F}"
EndProject
Project("{FAE04EC0-301F-11D3-BF4B-00C04F79EFBC}") = "WindowsFormsDesign", "WindowsFormsDesign\WindowsFormsDesign.csproj", "{4EA09C51-3BF3-44C6-9084-488AB5015D22}"
EndProject
Project("{FAE04EC0-301F-11D3-BF4B-00C04F79EFBC}") = "MDIApplication", "MDIApplication\MDIApplication.csproj", "{26B85356-8012-4202-9B62-08E1A13C1D0B}"
EndProject
Project("{FAE04EC0-301F-11D3-BF4B-00C04F79EFBC}") = "DisplayFile", "DisplayFile\DisplayFile.csproj", "{DAA1259F-A350-414C-804A-2AAB4F084DA6}"
EndProject
Project("{FAE04EC0-301F-11D3-BF4B-00C04F79EFBC}") = "FirstService", "FirstService\FirstService.csproj", "{3C17512E-9D2F-46DA-875A-FD230ED0217C}"
EndProject
Project("{2150E333-8FDC-42A3-9474-1A3956D46DE8}") = "Lesson 06", "Lesson 06", "{0262785D-DC20-451A-B715-AB325A9270E6}"
	ProjectSection(SolutionItems) = preProject
		Notes.txt = Notes.txt
	EndProjectSection
EndProject
Project("{FAE04EC0-301F-11D3-BF4B-00C04F79EFBC}") = "QueryCS", "QueryCS\QueryCS.csproj", "{82983BB5-E407-431D-BD5C-F77767705A7A}"
EndProject
Project("{FAE04EC0-301F-11D3-BF4B-00C04F79EFBC}") = "ParameterizedSP", "ParameterizedSP\ParameterizedSP.csproj", "{FE192980-7F3D-4A86-9ACE-A0D28DAF3E72}"
EndProject
Project("{FAE04EC0-301F-11D3-BF4B-00C04F79EFBC}") = "WorkingWithTextFiles", "WorkingWithTextFiles\WorkingWithTextFiles.csproj", "{0A9D10F5-0BD9-4992-8713-B744B4A36C74}"
EndProject
Project("{FAE04EC0-301F-11D3-BF4B-00C04F79EFBC}") = "WorkingWithXMLReader", "WorkingWithXMLReader\WorkingWithXMLReader.csproj", "{00B283F1-BF4A-4873-8503-B44C98112519}"
EndProject
Project("{FAE04EC0-301F-11D3-BF4B-00C04F79EFBC}") = "WorkingWithDataSet", "WorkingWithDataSet\WorkingWithDataSet.csproj", "{C6E60BB8-1110-43E7-909E-9A126119A7DA}"
EndProject
Global
	GlobalSection(SolutionConfigurationPlatforms) = preSolution
		Debug|Any CPU = Debug|Any CPU
		Release|Any CPU = Release|Any CPU
	EndGlobalSection
	GlobalSection(ProjectConfigurationPlatforms) = postSolution
		{5AABA9B6-5704-42B3-896E-E27CBA930C4C}.Debug|Any CPU.ActiveCfg = Debug|Any CPU
		{5AABA9B6-5704-42B3-896E-E27CBA930C4C}.Debug|Any CPU.Build.0 = Debug|Any CPU
		{5AABA9B6-5704-42B3-896E-E27CBA930C4C}.Release|Any CPU.ActiveCfg = Release|Any CPU
		{5AABA9B6-5704-42B3-896E-E27CBA930C4C}.Release|Any CPU.Build.0 = Release|Any CPU
		{1E4FB567-1B1D-46B8-B128-721AA959F9B6}.Debug|Any CPU.ActiveCfg = Debug|Any CPU
		{1E4FB567-1B1D-46B8-B128-721AA959F9B6}.Debug|Any CPU.Build.0 = Debug|Any CPU
		{1E4FB567-1B1D-46B8-B128-721AA959F9B6}.Release|Any CPU.ActiveCfg = Release|Any CPU
		{1E4FB567-1B1D-46B8-B128-721AA959F9B6}.Release|Any CPU.Build.0 = Release|Any CPU
		{AC56DD75-0307-44B3-A27B-E0FAEA3F2CE2}.Debug|Any CPU.ActiveCfg = Debug|Any CPU
		{AC56DD75-0307-44B3-A27B-E0FAEA3F2CE2}.Debug|Any CPU.Build.0 = Debug|Any CPU
		{AC56DD75-0307-44B3-A27B-E0FAEA3F2CE2}.Release|Any CPU.ActiveCfg = Release|Any CPU
		{AC56DD75-0307-44B3-A27B-E0FAEA3F2CE2}.Release|Any CPU.Build.0 = Release|Any CPU
		{E7CE0E03-2039-4639-BC5E-CED54A6E1DDD}.Debug|Any CPU.ActiveCfg = Debug|Any CPU
		{E7CE0E03-2039-4639-BC5E-CED54A6E1DDD}.Debug|Any CPU.Build.0 = Debug|Any CPU
		{E7CE0E03-2039-4639-BC5E-CED54A6E1DDD}.Release|Any CPU.ActiveCfg = Release|Any CPU
		{E7CE0E03-2039-4639-BC5E-CED54A6E1DDD}.Release|Any CPU.Build.0 = Release|Any CPU
		{C2474671-E359-495C-A6D9-462EA6F8C6AA}.Debug|Any CPU.ActiveCfg = Debug|Any CPU
		{C2474671-E359-495C-A6D9-462EA6F8C6AA}.Debug|Any CPU.Build.0 = Debug|Any CPU
		{C2474671-E359-495C-A6D9-462EA6F8C6AA}.Release|Any CPU.ActiveCfg = Release|Any CPU
		{C2474671-E359-495C-A6D9-462EA6F8C6AA}.Release|Any CPU.Build.0 = Release|Any CPU
		{D2DEFAB6-0C8E-45A0-9784-C7DBD2A62B01}.Debug|Any CPU.ActiveCfg = Debug|Any CPU
		{D2DEFAB6-0C8E-45A0-9784-C7DBD2A62B01}.Debug|Any CPU.Build.0 = Debug|Any CPU
		{D2DEFAB6-0C8E-45A0-9784-C7DBD2A62B01}.Release|Any CPU.ActiveCfg = Release|Any CPU
		{D2DEFAB6-0C8E-45A0-9784-C7DBD2A62B01}.Release|Any CPU.Build.0 = Release|Any CPU
		{DF77AE2F-D7AE-4E77-85BA-24D1FCC7BD31}.Debug|Any CPU.ActiveCfg = Debug|Any CPU
		{DF77AE2F-D7AE-4E77-85BA-24D1FCC7BD31}.Debug|Any CPU.Build.0 = Debug|Any CPU
		{DF77AE2F-D7AE-4E77-85BA-24D1FCC7BD31}.Release|Any CPU.ActiveCfg = Release|Any CPU
		{DF77AE2F-D7AE-4E77-85BA-24D1FCC7BD31}.Release|Any CPU.Build.0 = Release|Any CPU
		{1386AC05-0410-48F1-B5CE-F3DFF0009DB8}.Debug|Any CPU.ActiveCfg = Debug|Any CPU
		{1386AC05-0410-48F1-B5CE-F3DFF0009DB8}.Debug|Any CPU.Build.0 = Debug|Any CPU
		{1386AC05-0410-48F1-B5CE-F3DFF0009DB8}.Release|Any CPU.ActiveCfg = Release|Any CPU
		{1386AC05-0410-48F1-B5CE-F3DFF0009DB8}.Release|Any CPU.Build.0 = Release|Any CPU
		{9B329561-3685-4DF6-B558-126750B1284B}.Debug|Any CPU.ActiveCfg = Debug|Any CPU
		{9B329561-3685-4DF6-B558-126750B1284B}.Debug|Any CPU.Build.0 = Debug|Any CPU
		{9B329561-3685-4DF6-B558-126750B1284B}.Release|Any CPU.ActiveCfg = Release|Any CPU
		{9B329561-3685-4DF6-B558-126750B1284B}.Release|Any CPU.Build.0 = Release|Any CPU
		{AF3268D9-1196-4327-89A0-72792045B2A9}.Debug|Any CPU.ActiveCfg = Debug|Any CPU
		{AF3268D9-1196-4327-89A0-72792045B2A9}.Debug|Any CPU.Build.0 = Debug|Any CPU
		{AF3268D9-1196-4327-89A0-72792045B2A9}.Release|Any CPU.ActiveCfg = Release|Any CPU
		{AF3268D9-1196-4327-89A0-72792045B2A9}.Release|Any CPU.Build.0 = Release|Any CPU
		{16B2D96A-275D-4FDA-9B10-9114633E47D9}.Debug|Any CPU.ActiveCfg = Debug|Any CPU
		{16B2D96A-275D-4FDA-9B10-9114633E47D9}.Debug|Any CPU.Build.0 = Debug|Any CPU
		{16B2D96A-275D-4FDA-9B10-9114633E47D9}.Release|Any CPU.ActiveCfg = Release|Any CPU
		{16B2D96A-275D-4FDA-9B10-9114633E47D9}.Release|Any CPU.Build.0 = Release|Any CPU
		{5A4022CA-1516-495D-BEB2-6A295C69AA30}.Debug|Any CPU.ActiveCfg = Debug|Any CPU
		{5A4022CA-1516-495D-BEB2-6A295C69AA30}.Debug|Any CPU.Build.0 = Debug|Any CPU
		{5A4022CA-1516-495D-BEB2-6A295C69AA30}.Release|Any CPU.ActiveCfg = Release|Any CPU
		{5A4022CA-1516-495D-BEB2-6A295C69AA30}.Release|Any CPU.Build.0 = Release|Any CPU
		{FA611922-8465-40C5-BF68-4C3D00DD12F2}.Debug|Any CPU.ActiveCfg = Debug|Any CPU
		{FA611922-8465-40C5-BF68-4C3D00DD12F2}.Debug|Any CPU.Build.0 = Debug|Any CPU
		{FA611922-8465-40C5-BF68-4C3D00DD12F2}.Release|Any CPU.ActiveCfg = Release|Any CPU
		{FA611922-8465-40C5-BF68-4C3D00DD12F2}.Release|Any CPU.Build.0 = Release|Any CPU
		{8F49BD20-8CF7-426C-832F-5CC7294D1F12}.Debug|Any CPU.ActiveCfg = Debug|Any CPU
		{8F49BD20-8CF7-426C-832F-5CC7294D1F12}.Debug|Any CPU.Build.0 = Debug|Any CPU
		{8F49BD20-8CF7-426C-832F-5CC7294D1F12}.Release|Any CPU.ActiveCfg = Release|Any CPU
		{8F49BD20-8CF7-426C-832F-5CC7294D1F12}.Release|Any CPU.Build.0 = Release|Any CPU
		{51589E11-8809-4735-A75C-704EFF16C50E}.Debug|Any CPU.ActiveCfg = Debug|Any CPU
		{51589E11-8809-4735-A75C-704EFF16C50E}.Debug|Any CPU.Build.0 = Debug|Any CPU
		{51589E11-8809-4735-A75C-704EFF16C50E}.Release|Any CPU.ActiveCfg = Release|Any CPU
		{51589E11-8809-4735-A75C-704EFF16C50E}.Release|Any CPU.Build.0 = Release|Any CPU
		{83CAEEF8-17A6-4AFD-8158-0B57BB2B51B2}.Debug|Any CPU.ActiveCfg = Debug|Any CPU
		{83CAEEF8-17A6-4AFD-8158-0B57BB2B51B2}.Debug|Any CPU.Build.0 = Debug|Any CPU
		{83CAEEF8-17A6-4AFD-8158-0B57BB2B51B2}.Release|Any CPU.ActiveCfg = Release|Any CPU
		{83CAEEF8-17A6-4AFD-8158-0B57BB2B51B2}.Release|Any CPU.Build.0 = Release|Any CPU
		{67A0F268-15EF-4B95-B59B-D21092D832E6}.Debug|Any CPU.ActiveCfg = Debug|Any CPU
		{67A0F268-15EF-4B95-B59B-D21092D832E6}.Debug|Any CPU.Build.0 = Debug|Any CPU
		{67A0F268-15EF-4B95-B59B-D21092D832E6}.Release|Any CPU.ActiveCfg = Release|Any CPU
		{67A0F268-15EF-4B95-B59B-D21092D832E6}.Release|Any CPU.Build.0 = Release|Any CPU
		{BC42A2F8-CDAC-4C9C-AA6D-8BC4F44FD456}.Debug|Any CPU.ActiveCfg = Debug|Any CPU
		{BC42A2F8-CDAC-4C9C-AA6D-8BC4F44FD456}.Debug|Any CPU.Build.0 = Debug|Any CPU
		{BC42A2F8-CDAC-4C9C-AA6D-8BC4F44FD456}.Release|Any CPU.ActiveCfg = Release|Any CPU
		{BC42A2F8-CDAC-4C9C-AA6D-8BC4F44FD456}.Release|Any CPU.Build.0 = Release|Any CPU
		{3E38A1B0-F73F-413C-B5ED-8C8DB4DBB387}.Debug|Any CPU.ActiveCfg = Debug|Any CPU
		{3E38A1B0-F73F-413C-B5ED-8C8DB4DBB387}.Debug|Any CPU.Build.0 = Debug|Any CPU
		{3E38A1B0-F73F-413C-B5ED-8C8DB4DBB387}.Release|Any CPU.ActiveCfg = Release|Any CPU
		{3E38A1B0-F73F-413C-B5ED-8C8DB4DBB387}.Release|Any CPU.Build.0 = Release|Any CPU
		{4EA09C51-3BF3-44C6-9084-488AB5015D22}.Debug|Any CPU.ActiveCfg = Debug|Any CPU
		{4EA09C51-3BF3-44C6-9084-488AB5015D22}.Debug|Any CPU.Build.0 = Debug|Any CPU
		{4EA09C51-3BF3-44C6-9084-488AB5015D22}.Release|Any CPU.ActiveCfg = Release|Any CPU
		{4EA09C51-3BF3-44C6-9084-488AB5015D22}.Release|Any CPU.Build.0 = Release|Any CPU
		{26B85356-8012-4202-9B62-08E1A13C1D0B}.Debug|Any CPU.ActiveCfg = Debug|Any CPU
		{26B85356-8012-4202-9B62-08E1A13C1D0B}.Debug|Any CPU.Build.0 = Debug|Any CPU
		{26B85356-8012-4202-9B62-08E1A13C1D0B}.Release|Any CPU.ActiveCfg = Release|Any CPU
		{26B85356-8012-4202-9B62-08E1A13C1D0B}.Release|Any CPU.Build.0 = Release|Any CPU
		{DAA1259F-A350-414C-804A-2AAB4F084DA6}.Debug|Any CPU.ActiveCfg = Debug|Any CPU
		{DAA1259F-A350-414C-804A-2AAB4F084DA6}.Debug|Any CPU.Build.0 = Debug|Any CPU
		{DAA1259F-A350-414C-804A-2AAB4F084DA6}.Release|Any CPU.ActiveCfg = Release|Any CPU
		{DAA1259F-A350-414C-804A-2AAB4F084DA6}.Release|Any CPU.Build.0 = Release|Any CPU
		{3C17512E-9D2F-46DA-875A-FD230ED0217C}.Debug|Any CPU.ActiveCfg = Debug|Any CPU
		{3C17512E-9D2F-46DA-875A-FD230ED0217C}.Debug|Any CPU.Build.0 = Debug|Any CPU
		{3C17512E-9D2F-46DA-875A-FD230ED0217C}.Release|Any CPU.ActiveCfg = Release|Any CPU
		{3C17512E-9D2F-46DA-875A-FD230ED0217C}.Release|Any CPU.Build.0 = Release|Any CPU
		{82983BB5-E407-431D-BD5C-F77767705A7A}.Debug|Any CPU.ActiveCfg = Debug|Any CPU
		{82983BB5-E407-431D-BD5C-F77767705A7A}.Debug|Any CPU.Build.0 = Debug|Any CPU
		{82983BB5-E407-431D-BD5C-F77767705A7A}.Release|Any CPU.ActiveCfg = Release|Any CPU
		{82983BB5-E407-431D-BD5C-F77767705A7A}.Release|Any CPU.Build.0 = Release|Any CPU
		{FE192980-7F3D-4A86-9ACE-A0D28DAF3E72}.Debug|Any CPU.ActiveCfg = Debug|Any CPU
		{FE192980-7F3D-4A86-9ACE-A0D28DAF3E72}.Debug|Any CPU.Build.0 = Debug|Any CPU
		{FE192980-7F3D-4A86-9ACE-A0D28DAF3E72}.Release|Any CPU.ActiveCfg = Release|Any CPU
		{FE192980-7F3D-4A86-9ACE-A0D28DAF3E72}.Release|Any CPU.Build.0 = Release|Any CPU
		{0A9D10F5-0BD9-4992-8713-B744B4A36C74}.Debug|Any CPU.ActiveCfg = Debug|Any CPU
		{0A9D10F5-0BD9-4992-8713-B744B4A36C74}.Debug|Any CPU.Build.0 = Debug|Any CPU
		{0A9D10F5-0BD9-4992-8713-B744B4A36C74}.Release|Any CPU.ActiveCfg = Release|Any CPU
		{0A9D10F5-0BD9-4992-8713-B744B4A36C74}.Release|Any CPU.Build.0 = Release|Any CPU
		{00B283F1-BF4A-4873-8503-B44C98112519}.Debug|Any CPU.ActiveCfg = Debug|Any CPU
		{00B283F1-BF4A-4873-8503-B44C98112519}.Debug|Any CPU.Build.0 = Debug|Any CPU
		{00B283F1-BF4A-4873-8503-B44C98112519}.Release|Any CPU.ActiveCfg = Release|Any CPU
		{00B283F1-BF4A-4873-8503-B44C98112519}.Release|Any CPU.Build.0 = Release|Any CPU
		{C6E60BB8-1110-43E7-909E-9A126119A7DA}.Debug|Any CPU.ActiveCfg = Debug|Any CPU
		{C6E60BB8-1110-43E7-909E-9A126119A7DA}.Debug|Any CPU.Build.0 = Debug|Any CPU
		{C6E60BB8-1110-43E7-909E-9A126119A7DA}.Release|Any CPU.ActiveCfg = Release|Any CPU
		{C6E60BB8-1110-43E7-909E-9A126119A7DA}.Release|Any CPU.Build.0 = Release|Any CPU
	EndGlobalSection
	GlobalSection(SolutionProperties) = preSolution
		HideSolutionNode = FALSE
	EndGlobalSection
	GlobalSection(NestedProjects) = preSolution
		{5AABA9B6-5704-42B3-896E-E27CBA930C4C} = {B0FBEA73-C177-4397-906E-3BA3316D3BB6}
		{1E4FB567-1B1D-46B8-B128-721AA959F9B6} = {B0FBEA73-C177-4397-906E-3BA3316D3BB6}
		{AC56DD75-0307-44B3-A27B-E0FAEA3F2CE2} = {B0FBEA73-C177-4397-906E-3BA3316D3BB6}
		{E7CE0E03-2039-4639-BC5E-CED54A6E1DDD} = {B0FBEA73-C177-4397-906E-3BA3316D3BB6}
		{C2474671-E359-495C-A6D9-462EA6F8C6AA} = {B0FBEA73-C177-4397-906E-3BA3316D3BB6}
		{D2DEFAB6-0C8E-45A0-9784-C7DBD2A62B01} = {B0FBEA73-C177-4397-906E-3BA3316D3BB6}
		{DF77AE2F-D7AE-4E77-85BA-24D1FCC7BD31} = {2EFD563A-1BE1-45B6-B6E6-35A4756494E7}
		{1386AC05-0410-48F1-B5CE-F3DFF0009DB8} = {2EFD563A-1BE1-45B6-B6E6-35A4756494E7}
		{9B329561-3685-4DF6-B558-126750B1284B} = {2EFD563A-1BE1-45B6-B6E6-35A4756494E7}
		{AF3268D9-1196-4327-89A0-72792045B2A9} = {18D31260-BE79-43D9-83FA-0DA93D170B63}
		{16B2D96A-275D-4FDA-9B10-9114633E47D9} = {18D31260-BE79-43D9-83FA-0DA93D170B63}
		{5A4022CA-1516-495D-BEB2-6A295C69AA30} = {251AFCB0-F752-4EED-B4AC-EF1BE5A67C60}
		{FA611922-8465-40C5-BF68-4C3D00DD12F2} = {251AFCB0-F752-4EED-B4AC-EF1BE5A67C60}
		{8F49BD20-8CF7-426C-832F-5CC7294D1F12} = {251AFCB0-F752-4EED-B4AC-EF1BE5A67C60}
		{51589E11-8809-4735-A75C-704EFF16C50E} = {251AFCB0-F752-4EED-B4AC-EF1BE5A67C60}
		{83CAEEF8-17A6-4AFD-8158-0B57BB2B51B2} = {251AFCB0-F752-4EED-B4AC-EF1BE5A67C60}
		{67A0F268-15EF-4B95-B59B-D21092D832E6} = {251AFCB0-F752-4EED-B4AC-EF1BE5A67C60}
		{BC42A2F8-CDAC-4C9C-AA6D-8BC4F44FD456} = {251AFCB0-F752-4EED-B4AC-EF1BE5A67C60}
		{3E38A1B0-F73F-413C-B5ED-8C8DB4DBB387} = {251AFCB0-F752-4EED-B4AC-EF1BE5A67C60}
		{4EA09C51-3BF3-44C6-9084-488AB5015D22} = {0F633156-2150-40FC-B179-F22EF65F807F}
		{26B85356-8012-4202-9B62-08E1A13C1D0B} = {0F633156-2150-40FC-B179-F22EF65F807F}
		{DAA1259F-A350-414C-804A-2AAB4F084DA6} = {0F633156-2150-40FC-B179-F22EF65F807F}
		{3C17512E-9D2F-46DA-875A-FD230ED0217C} = {0F633156-2150-40FC-B179-F22EF65F807F}
		{82983BB5-E407-431D-BD5C-F77767705A7A} = {0262785D-DC20-451A-B715-AB325A9270E6}
		{FE192980-7F3D-4A86-9ACE-A0D28DAF3E72} = {0262785D-DC20-451A-B715-AB325A9270E6}
		{0A9D10F5-0BD9-4992-8713-B744B4A36C74} = {0262785D-DC20-451A-B715-AB325A9270E6}
		{00B283F1-BF4A-4873-8503-B44C98112519} = {0262785D-DC20-451A-B715-AB325A9270E6}
		{C6E60BB8-1110-43E7-909E-9A126119A7DA} = {0262785D-DC20-451A-B715-AB325A9270E6}
	EndGlobalSection
EndGlobal
